
Microsoft Visual Studio Solution File, Format Version 12.00
# Visual Studio 15
VisualStudioVersion = 15.0.28307.168
MinimumVisualStudioVersion = 10.0.40219.1
Project("{FAE04EC0-301F-11D3-BF4B-00C04F79EFBC}") = "CCTVStreams", "CCTVStreams.csproj", "{117FF6C7-A989-4B76-8646-5FFDE28A0FDB}"
EndProject
Global
	GlobalSection(SolutionConfigurationPlatforms) = preSolution
		Debug|Any CPU = Debug|Any CPU
		Release|Any CPU = Release|Any CPU
	EndGlobalSection
	GlobalSection(ProjectConfigurationPlatforms) = postSolution
		{117FF6C7-A989-4B76-8646-5FFDE28A0FDB}.Debug|Any CPU.ActiveCfg = Debug|Any CPU
		{117FF6C7-A989-4B76-8646-5FFDE28A0FDB}.Debug|Any CPU.Build.0 = Debug|Any CPU
		{117FF6C7-A989-4B76-8646-5FFDE28A0FDB}.Release|Any CPU.ActiveCfg = Release|Any CPU
		{117FF6C7-A989-4B76-8646-5FFDE28A0FDB}.Release|Any CPU.Build.0 = Release|Any CPU
	EndGlobalSection
	GlobalSection(SolutionProperties) = preSolution
		HideSolutionNode = FALSE
	EndGlobalSection
	GlobalSection(ExtensibilityGlobals) = postSolution
		SolutionGuid = {202F1F3E-2CD3-482D-80F9-106EF100A479}
	EndGlobalSection
EndGlobal
